
Microsoft Visual Studio Solution File, Format Version 12.00
# Visual Studio Version 17
VisualStudioVersion = 17.2.32519.379
MinimumVisualStudioVersion = 10.0.40219.1
Project("{9A19103F-16F7-4668-BE54-9A1E7A4F7556}") = "Web", "Web\Web.csproj", "{44EC79C4-C201-47C4-93A7-5FF767B125EB}"
EndProject
Project("{FAE04EC0-301F-11D3-BF4B-00C04F79EFBC}") = "Common", "Common\Common.csproj", "{D156E52B-E4E2-485C-8924-7BDEAC50E9FB}"
EndProject
Project("{FAE04EC0-301F-11D3-BF4B-00C04F79EFBC}") = "Business", "Business\Business.csproj", "{0ED95379-3976-493A-83BF-EED2741BAE6F}"
EndProject
Global
	GlobalSection(SolutionConfigurationPlatforms) = preSolution
		Debug|Any CPU = Debug|Any CPU
		Release|Any CPU = Release|Any CPU
	EndGlobalSection
	GlobalSection(ProjectConfigurationPlatforms) = postSolution
		{44EC79C4-C201-47C4-93A7-5FF767B125EB}.Debug|Any CPU.ActiveCfg = Debug|Any CPU
		{44EC79C4-C201-47C4-93A7-5FF767B125EB}.Debug|Any CPU.Build.0 = Debug|Any CPU
		{44EC79C4-C201-47C4-93A7-5FF767B125EB}.Release|Any CPU.ActiveCfg = Release|Any CPU
		{44EC79C4-C201-47C4-93A7-5FF767B125EB}.Release|Any CPU.Build.0 = Release|Any CPU
		{D156E52B-E4E2-485C-8924-7BDEAC50E9FB}.Debug|Any CPU.ActiveCfg = Debug|Any CPU
		{D156E52B-E4E2-485C-8924-7BDEAC50E9FB}.Debug|Any CPU.Build.0 = Debug|Any CPU
		{D156E52B-E4E2-485C-8924-7BDEAC50E9FB}.Release|Any CPU.ActiveCfg = Release|Any CPU
		{D156E52B-E4E2-485C-8924-7BDEAC50E9FB}.Release|Any CPU.Build.0 = Release|Any CPU
		{0ED95379-3976-493A-83BF-EED2741BAE6F}.Debug|Any CPU.ActiveCfg = Debug|Any CPU
		{0ED95379-3976-493A-83BF-EED2741BAE6F}.Debug|Any CPU.Build.0 = Debug|Any CPU
		{0ED95379-3976-493A-83BF-EED2741BAE6F}.Release|Any CPU.ActiveCfg = Release|Any CPU
		{0ED95379-3976-493A-83BF-EED2741BAE6F}.Release|Any CPU.Build.0 = Release|Any CPU
	EndGlobalSection
	GlobalSection(SolutionProperties) = preSolution
		HideSolutionNode = FALSE
	EndGlobalSection
	GlobalSection(ExtensibilityGlobals) = postSolution
		SolutionGuid = {A7A6A6D5-EFB5-48FD-85A0-22F5C879E0EF}
	EndGlobalSection
EndGlobal
